# This file is automatically @generated by Cargo.
# It is not intended for manual editing.
version = 4

[[package]]
name = "polkavm-common"
version = "0.13.0"
source = "registry+https://github.com/rust-lang/crates.io-index"
checksum = "084b4339aae7dfdaaa5aa7d634110afd95970e0737b6fb2a0cb10db8b56b753c"

[[package]]
name = "polkavm-derive"
version = "0.13.0"
source = "registry+https://github.com/rust-lang/crates.io-index"
checksum = "f4456b9657b2abd04ac41a61c99e206b7410f93daf0e9b42b49089508d836c40"
dependencies = [
 "polkavm-derive-impl-macro",
]

[[package]]
name = "polkavm-derive-impl"
version = "0.13.0"
source = "registry+https://github.com/rust-lang/crates.io-index"
checksum = "5e4f2c19e7ccc53d8e21429e83b6589bd4139d15481e455a90ba4335a4decb5a"
dependencies = [
 "polkavm-common",
 "proc-macro2",
 "quote",
 "syn",
]

[[package]]
name = "polkavm-derive-impl-macro"
version = "0.13.0"
source = "registry+https://github.com/rust-lang/crates.io-index"
checksum = "e6f3ad876ca1855038c21d48cbe35164552208a54b21f8295a7d76bc33ef1e38"
dependencies = [
 "polkavm-derive-impl",
 "syn",
]

[[package]]
name = "proc-macro2"
version = "1.0.106"
source = "registry+https://github.com/rust-lang/crates.io-index"
checksum = "8fd00f0bb2e90d81d1044c2b32617f68fcb9fa3bb7640c23e9c748e53fb30934"
dependencies = [
 "unicode-ident",
]

[[package]]
name = "pvm-risk-score"
version = "0.1.0"
dependencies = [
 "polkavm-derive",
]

[[package]]
name = "quote"
version = "1.0.45"
source = "registry+https://github.com/rust-lang/crates.io-index"
checksum = "41f2619966050689382d2b44f664f4bc593e129785a36d6ee376ddf37259b924"
dependencies = [
 "proc-macro2",
]

[[package]]
name = "syn"
version = "2.0.117"
source = "registry+https://github.com/rust-lang/crates.io-index"
checksum = "e665b8803e7b1d2a727f4023456bbbbe74da67099c585258af0ad9c5013b9b99"
dependencies = [
 "proc-macro2",
 "quote",
 "unicode-ident",
]

[[package]]
name = "unicode-ident"
version = "1.0.24"
source = "registry+https://github.com/rust-lang/crates.io-index"
checksum = "e6e4313cd5fcd3dad5cafa179702e2b244f760991f45397d14d4ebf38247da75"
